{
    "requires": true,
    "lockfileVersion": 1,
    "dependencies": {
        "goober": {
            "version": "2.1.16",
            "resolved": "https://registry.npmjs.org/goober/-/goober-2.1.16.tgz",
            "integrity": "sha512-erjk19y1U33+XAMe1VTvIONHYoSqE4iS7BYUZfHaqeohLmnC0FdxEh7rQU+6MZ4OajItzjZFSRtVANrQwNq6/g=="
        },
        "react-hot-toast": {
            "version": "2.4.1",
            "resolved": "https://registry.npmjs.org/react-hot-toast/-/react-hot-toast-2.4.1.tgz",
            "integrity": "sha512-j8z+cQbWIM5LY37pR6uZR6D4LfseplqnuAO4co4u8917hBUvXlEqyP1ZzqVLcqoyUesZZv/ImreoCeHVDpE5pQ==",
            "requires": {
                "goober": "^2.1.10"
            }
        }
    }
}
